
Microsoft Visual Studio Solution File, Format Version 12.00
# Visual Studio 2015
Project("{FAE04EC0-301F-11D3-BF4B-00C04F79EFBC}") = "ThesisPCG.CSharp", "ThesisPCG.CSharp.csproj", "{7D2B64E7-5065-42A8-85DA-11A53C974E95}"
EndProject
Project("{FAE04EC0-301F-11D3-BF4B-00C04F79EFBC}") = "ThesisPCG.CSharp.Editor", "ThesisPCG.CSharp.Editor.csproj", "{CE839E49-14BD-BFF4-DBD4-AA819462B080}"
EndProject
Global
	GlobalSection(SolutionConfigurationPlatforms) = preSolution
		Debug|Any CPU = Debug|Any CPU
		Release|Any CPU = Release|Any CPU
	EndGlobalSection
	GlobalSection(ProjectConfigurationPlatforms) = postSolution
		{7D2B64E7-5065-42A8-85DA-11A53C974E95}.Debug|Any CPU.ActiveCfg = Debug|Any CPU
		{7D2B64E7-5065-42A8-85DA-11A53C974E95}.Debug|Any CPU.Build.0 = Debug|Any CPU
		{7D2B64E7-5065-42A8-85DA-11A53C974E95}.Release|Any CPU.ActiveCfg = Release|Any CPU
		{7D2B64E7-5065-42A8-85DA-11A53C974E95}.Release|Any CPU.Build.0 = Release|Any CPU
		{CE839E49-14BD-BFF4-DBD4-AA819462B080}.Debug|Any CPU.ActiveCfg = Debug|Any CPU
		{CE839E49-14BD-BFF4-DBD4-AA819462B080}.Debug|Any CPU.Build.0 = Debug|Any CPU
		{CE839E49-14BD-BFF4-DBD4-AA819462B080}.Release|Any CPU.ActiveCfg = Release|Any CPU
		{CE839E49-14BD-BFF4-DBD4-AA819462B080}.Release|Any CPU.Build.0 = Release|Any CPU
	EndGlobalSection
	GlobalSection(SolutionProperties) = preSolution
		HideSolutionNode = FALSE
	EndGlobalSection
EndGlobal
